github.com/soloworks/go-netlinx v0.0.0-20190109122415-5abf8ee04445 h1:lbMg7Af60aEOZ+Qh+PTry2ul6BeTXl4pw1rVlYgkxWw=
github.com/soloworks/go-netlinx v0.0.0-20190518170420-887cf199d998 h1:DOZ+jiOs5FkCFLKmU0HZYHV0hc2Fk2ALHYkrWfHvDBo=
github.com/soloworks/go-netlinx v0.0.0-20190528105346-d600ac5ae4bc h1:Xv5ZQ27yNIHCi1tglER8uQwRwTRz+aF3v94vCHM0DKs=
github.com/soloworks/go-netlinx/apw v0.0.0-20190518160921-a80c6c09ef21 h1:QunyO/rjINSKQ5ipzaY/rxcxDVRng1yzpfmVQ3qA1Ls=
github.com/soloworks/go-netlinx/apw v0.0.0-20190518160921-a80c6c09ef21/go.mod h1:RPD+Y0FMl294lpjrl7q+i+3rTiqaMj5vDMCab6ZFssw=
github.com/soloworks/go-netlinx/apw v0.0.0-20190518165243-34f3b276ffb9 h1:HvuDNIM5mlFt6USQ1lYWeDmwR954HqtlJ/cwSSRG08o=
github.com/soloworks/go-netlinx/apw v0.0.0-20190518165243-34f3b276ffb9/go.mod h1:RPD+Y0FMl294lpjrl7q+i+3rTiqaMj5vDMCab6ZFssw=
github.com/soloworks/go-netlinx/apw v0.0.0-20190518170420-887cf199d998 h1:A0Wu7G8Iy6HyyYVEtEuYYgxWmoIwrdi31ooIqnlNeHA=
github.com/soloworks/go-netlinx/apw v0.0.0-20190518170420-887cf199d998/go.mod h1:RPD+Y0FMl294lpjrl7q+i+3rTiqaMj5vDMCab6ZFssw=
