github.com/soloworks/go-netlinx v0.0.0-20190109122415-5abf8ee04445 h1:lbMg7Af60aEOZ+Qh+PTry2ul6BeTXl4pw1rVlYgkxWw=
github.com/soloworks/go-netlinx/apw v0.0.0-20190518160921-a80c6c09ef21 h1:QunyO/rjINSKQ5ipzaY/rxcxDVRng1yzpfmVQ3qA1Ls=
github.com/soloworks/go-netlinx/apw v0.0.0-20190518160921-a80c6c09ef21/go.mod h1:RPD+Y0FMl294lpjrl7q+i+3rTiqaMj5vDMCab6ZFssw=
